
Microsoft Visual Studio Solution File, Format Version 12.00
# Visual Studio Version 17
VisualStudioVersion = 17.1.32210.238
MinimumVisualStudioVersion = 10.0.40219.1
Project("{FAE04EC0-301F-11D3-BF4B-00C04F79EFBC}") = "DataImporter", "DataImporter\DataImporter.csproj", "{DAEC1240-581D-48C2-BED0-9B2CD6A191D4}"
EndProject
Project("{FAE04EC0-301F-11D3-BF4B-00C04F79EFBC}") = "Business", "Business\Business.csproj", "{4518FC1A-28C3-4DF1-8FF8-F20941312831}"
EndProject
Project("{FAE04EC0-301F-11D3-BF4B-00C04F79EFBC}") = "Transform", "Transform\Transform.csproj", "{051BF69A-2C91-4E68-926A-6D7028D4EFBD}"
EndProject
Global
	GlobalSection(SolutionConfigurationPlatforms) = preSolution
		Debug|Any CPU = Debug|Any CPU
		Release|Any CPU = Release|Any CPU
	EndGlobalSection
	GlobalSection(ProjectConfigurationPlatforms) = postSolution
		{DAEC1240-581D-48C2-BED0-9B2CD6A191D4}.Debug|Any CPU.ActiveCfg = Debug|Any CPU
		{DAEC1240-581D-48C2-BED0-9B2CD6A191D4}.Debug|Any CPU.Build.0 = Debug|Any CPU
		{DAEC1240-581D-48C2-BED0-9B2CD6A191D4}.Release|Any CPU.ActiveCfg = Release|Any CPU
		{DAEC1240-581D-48C2-BED0-9B2CD6A191D4}.Release|Any CPU.Build.0 = Release|Any CPU
		{4518FC1A-28C3-4DF1-8FF8-F20941312831}.Debug|Any CPU.ActiveCfg = Debug|Any CPU
		{4518FC1A-28C3-4DF1-8FF8-F20941312831}.Debug|Any CPU.Build.0 = Debug|Any CPU
		{4518FC1A-28C3-4DF1-8FF8-F20941312831}.Release|Any CPU.ActiveCfg = Release|Any CPU
		{4518FC1A-28C3-4DF1-8FF8-F20941312831}.Release|Any CPU.Build.0 = Release|Any CPU
		{051BF69A-2C91-4E68-926A-6D7028D4EFBD}.Debug|Any CPU.ActiveCfg = Debug|Any CPU
		{051BF69A-2C91-4E68-926A-6D7028D4EFBD}.Debug|Any CPU.Build.0 = Debug|Any CPU
		{051BF69A-2C91-4E68-926A-6D7028D4EFBD}.Release|Any CPU.ActiveCfg = Release|Any CPU
		{051BF69A-2C91-4E68-926A-6D7028D4EFBD}.Release|Any CPU.Build.0 = Release|Any CPU
	EndGlobalSection
	GlobalSection(SolutionProperties) = preSolution
		HideSolutionNode = FALSE
	EndGlobalSection
	GlobalSection(ExtensibilityGlobals) = postSolution
		SolutionGuid = {7781514F-5D5F-4E78-9613-ADE6A840B3E4}
	EndGlobalSection
EndGlobal
